
Microsoft Visual Studio Solution File, Format Version 12.00
# Visual Studio Version 17
VisualStudioVersion = 17.2.32602.215
MinimumVisualStudioVersion = 10.0.40219.1
Project("{FAE04EC0-301F-11D3-BF4B-00C04F79EFBC}") = "CSharp_Assignment4", "CSharp_Assignment4\CSharp_Assignment4.csproj", "{E630C7C8-B3BB-4087-BB8D-7BF859EA52C4}"
EndProject
Global
	GlobalSection(SolutionConfigurationPlatforms) = preSolution
		Debug|Any CPU = Debug|Any CPU
		Release|Any CPU = Release|Any CPU
	EndGlobalSection
	GlobalSection(ProjectConfigurationPlatforms) = postSolution
		{E630C7C8-B3BB-4087-BB8D-7BF859EA52C4}.Debug|Any CPU.ActiveCfg = Debug|Any CPU
		{E630C7C8-B3BB-4087-BB8D-7BF859EA52C4}.Debug|Any CPU.Build.0 = Debug|Any CPU
		{E630C7C8-B3BB-4087-BB8D-7BF859EA52C4}.Release|Any CPU.ActiveCfg = Release|Any CPU
		{E630C7C8-B3BB-4087-BB8D-7BF859EA52C4}.Release|Any CPU.Build.0 = Release|Any CPU
	EndGlobalSection
	GlobalSection(SolutionProperties) = preSolution
		HideSolutionNode = FALSE
	EndGlobalSection
	GlobalSection(ExtensibilityGlobals) = postSolution
		SolutionGuid = {A26A86DA-D248-4020-8315-F602099B7013}
	EndGlobalSection
EndGlobal
